
Microsoft Visual Studio Solution File, Format Version 11.00
# Visual C++ Express 2010
Project("{8BC9CEB8-8B4A-11D0-8D11-00A0C91BC942}") = "Conquest_LoadMap", "Conquest_LoadMap.vcxproj", "{3B177EB8-C76C-5166-951A-B60F095361FD}"
EndProject
Global
	GlobalSection(SolutionConfigurationPlatforms) = preSolution
		Debug|Win32 = Debug|Win32
		Release|Win32 = Release|Win32
	EndGlobalSection
	GlobalSection(ProjectConfigurationPlatforms) = postSolution
		{3B177EB8-C76C-5166-951A-B60F095361FD}.Debug|Win32.ActiveCfg = Debug|Win32
		{3B177EB8-C76C-5166-951A-B60F095361FD}.Debug|Win32.Build.0 = Debug|Win32
		{3B177EB8-C76C-5166-951A-B60F095361FD}.Release|Win32.ActiveCfg = Release|Win32
		{3B177EB8-C76C-5166-951A-B60F095361FD}.Release|Win32.Build.0 = Release|Win32
	EndGlobalSection
	GlobalSection(SolutionProperties) = preSolution
		HideSolutionNode = FALSE
	EndGlobalSection
EndGlobal
